// !$*UTF8*$!
{
	archiveVersion = 1;
	classes = {
	};
	objectVersion = 56;
	objects = {

/* Begin PBXBuildFile section */
		AD5EA8DD2990288400B9E322 /* EventEditor.swift in Sources */ = {isa = PBXBuildFile; fileRef = AD5EA8DC2990288400B9E322 /* EventEditor.swift */; };
		AD75230529894A8A0042299A /* Date_PlannerApp.swift in Sources */ = {isa = PBXBuildFile; fileRef = AD75230429894A8A0042299A /* Date_PlannerApp.swift */; };
		AD75230729894A8A0042299A /* ContentView.swift in Sources */ = {isa = PBXBuildFile; fileRef = AD75230629894A8A0042299A /* ContentView.swift */; };
		AD75230929894A8B0042299A /* Assets.xcassets in Resources */ = {isa = PBXBuildFile; fileRef = AD75230829894A8B0042299A /* Assets.xcassets */; };
		AD75230C29894A8B0042299A /* Preview Assets.xcassets in Resources */ = {isa = PBXBuildFile; fileRef = AD75230B29894A8B0042299A /* Preview Assets.xcassets */; };
		AD75231329894E1C0042299A /* ColorOption.swift in Sources */ = {isa = PBXBuildFile; fileRef = AD75231229894E1C0042299A /* ColorOption.swift */; };
		ADC5B20F298C31C200271E10 /* Event.swift in Sources */ = {isa = PBXBuildFile; fileRef = ADC5B20E298C31C200271E10 /* Event.swift */; };
		ADC5B211298C31FF00271E10 /* EventTask.swift in Sources */ = {isa = PBXBuildFile; fileRef = ADC5B210298C31FF00271E10 /* EventTask.swift */; };
		ADDFE7A2298D7E3800C9DFB1 /* TaskRow.swift in Sources */ = {isa = PBXBuildFile; fileRef = ADDFE7A1298D7E3800C9DFB1 /* TaskRow.swift */; };
		ADE9EBC2298EB6A60042BD99 /* EventList.swift in Sources */ = {isa = PBXBuildFile; fileRef = ADE9EBC1298EB6A60042BD99 /* EventList.swift */; };
		ADFDA3E4298AE14E0098A293 /* CustomLabelStyle.swift in Sources */ = {isa = PBXBuildFile; fileRef = ADFDA3E3298AE14E0098A293 /* CustomLabelStyle.swift */; };
/* End PBXBuildFile section */

/* Begin PBXFileReference section */
		AD5EA8DC2990288400B9E322 /* EventEditor.swift */ = {isa = PBXFileReference; lastKnownFileType = sourcecode.swift; path = EventEditor.swift; sourceTree = "<group>"; };
		AD75230129894A8A0042299A /* Date Planner.app */ = {isa = PBXFileReference; explicitFileType = wrapper.application; includeInIndex = 0; path = "Date Planner.app"; sourceTree = BUILT_PRODUCTS_DIR; };
		AD75230429894A8A0042299A /* Date_PlannerApp.swift */ = {isa = PBXFileReference; lastKnownFileType = sourcecode.swift; path = Date_PlannerApp.swift; sourceTree = "<group>"; };
		AD75230629894A8A0042299A /* ContentView.swift */ = {isa = PBXFileReference; lastKnownFileType = sourcecode.swift; path = ContentView.swift; sourceTree = "<group>"; };
		AD75230829894A8B0042299A /* Assets.xcassets */ = {isa = PBXFileReference; lastKnownFileType = folder.assetcatalog; path = Assets.xcassets; sourceTree = "<group>"; };
		AD75230B29894A8B0042299A /* Preview Assets.xcassets */ = {isa = PBXFileReference; lastKnownFileType = folder.assetcatalog; path = "Preview Assets.xcassets"; sourceTree = "<group>"; };
		AD75231229894E1C0042299A /* ColorOption.swift */ = {isa = PBXFileReference; lastKnownFileType = sourcecode.swift; path = ColorOption.swift; sourceTree = "<group>"; };
		ADC5B20E298C31C200271E10 /* Event.swift */ = {isa = PBXFileReference; lastKnownFileType = sourcecode.swift; path = Event.swift; sourceTree = "<group>"; };
		ADC5B210298C31FF00271E10 /* EventTask.swift */ = {isa = PBXFileReference; lastKnownFileType = sourcecode.swift; path = EventTask.swift; sourceTree = "<group>"; };
		ADDFE7A1298D7E3800C9DFB1 /* TaskRow.swift */ = {isa = PBXFileReference; lastKnownFileType = sourcecode.swift; path = TaskRow.swift; sourceTree = "<group>"; };
		ADE9EBC1298EB6A60042BD99 /* EventList.swift */ = {isa = PBXFileReference; lastKnownFileType = sourcecode.swift; path = EventList.swift; sourceTree = "<group>"; };
		ADFDA3E3298AE14E0098A293 /* CustomLabelStyle.swift */ = {isa = PBXFileReference; lastKnownFileType = sourcecode.swift; path = CustomLabelStyle.swift; sourceTree = "<group>"; };
/* End PBXFileReference section */

/* Begin PBXFrameworksBuildPhase section */
		AD7522FE29894A8A0042299A /* Frameworks */ = {
			isa = PBXFrameworksBuildPhase;
			buildActionMask = 2147483647;
			files = (
			);
			runOnlyForDeploymentPostprocessing = 0;
		};
/* End PBXFrameworksBuildPhase section */

/* Begin PBXGroup section */
		AD7522F829894A8A0042299A = {
			isa = PBXGroup;
			children = (
				AD75230329894A8A0042299A /* Date Planner */,
				AD75230229894A8A0042299A /* Products */,
			);
			sourceTree = "<group>";
		};
		AD75230229894A8A0042299A /* Products */ = {
			isa = PBXGroup;
			children = (
				AD75230129894A8A0042299A /* Date Planner.app */,
			);
			name = Products;
			sourceTree = "<group>";
		};
		AD75230329894A8A0042299A /* Date Planner */ = {
			isa = PBXGroup;
			children = (
				AD75230429894A8A0042299A /* Date_PlannerApp.swift */,
				AD75230629894A8A0042299A /* ContentView.swift */,
				AD75231229894E1C0042299A /* ColorOption.swift */,
				ADC5B210298C31FF00271E10 /* EventTask.swift */,
				AD5EA8DC2990288400B9E322 /* EventEditor.swift */,
				ADFDA3E3298AE14E0098A293 /* CustomLabelStyle.swift */,
				ADE9EBC1298EB6A60042BD99 /* EventList.swift */,
				ADDFE7A1298D7E3800C9DFB1 /* TaskRow.swift */,
				ADC5B20E298C31C200271E10 /* Event.swift */,
				AD75230829894A8B0042299A /* Assets.xcassets */,
				AD75230A29894A8B0042299A /* Preview Content */,
			);
			path = "Date Planner";
			sourceTree = "<group>";
		};
		AD75230A29894A8B0042299A /* Preview Content */ = {
			isa = PBXGroup;
			children = (
				AD75230B29894A8B0042299A /* Preview Assets.xcassets */,
			);
			path = "Preview Content";
			sourceTree = "<group>";
		};
/* End PBXGroup section */

/* Begin PBXNativeTarget section */
		AD75230029894A8A0042299A /* Date Planner */ = {
			isa = PBXNativeTarget;
			buildConfigurationList = AD75230F29894A8B0042299A /* Build configuration list for PBXNativeTarget "Date Planner" */;
			buildPhases = (
				AD7522FD29894A8A0042299A /* Sources */,
				AD7522FE29894A8A0042299A /* Frameworks */,
				AD7522FF29894A8A0042299A /* Resources */,
			);
			buildRules = (
			);
			dependencies = (
			);
			name = "Date Planner";
			productName = "Date Planner";
			productReference = AD75230129894A8A0042299A /* Date Planner.app */;
			productType = "com.apple.product-type.application";
		};
/* End PBXNativeTarget section */

/* Begin PBXProject section */
		AD7522F929894A8A0042299A /* Project object */ = {
			isa = PBXProject;
			attributes = {
				BuildIndependentTargetsInParallel = 1;
				LastSwiftUpdateCheck = 1400;
				LastUpgradeCheck = 1400;
				TargetAttributes = {
					AD75230029894A8A0042299A = {
						CreatedOnToolsVersion = 14.0.1;
					};
				};
			};
			buildConfigurationList = AD7522FC29894A8A0042299A /* Build configuration list for PBXProject "Date Planner" */;
			compatibilityVersion = "Xcode 14.0";
			developmentRegion = en;
			hasScannedForEncodings = 0;
			knownRegions = (
				en,
				Base,
			);
			mainGroup = AD7522F829894A8A0042299A;
			productRefGroup = AD75230229894A8A0042299A /* Products */;
			projectDirPath = "";
			projectRoot = "";
			targets = (
				AD75230029894A8A0042299A /* Date Planner */,
			);
		};
/* End PBXProject section */

/* Begin PBXResourcesBuildPhase section */
		AD7522FF29894A8A0042299A /* Resources */ = {
			isa = PBXResourcesBuildPhase;
			buildActionMask = 2147483647;
			files = (
				AD75230C29894A8B0042299A /* Preview Assets.xcassets in Resources */,
				AD75230929894A8B0042299A /* Assets.xcassets in Resources */,
			);
			runOnlyForDeploymentPostprocessing = 0;
		};
/* End PBXResourcesBuildPhase section */

/* Begin PBXSourcesBuildPhase section */
		AD7522FD29894A8A0042299A /* Sources */ = {
			isa = PBXSourcesBuildPhase;
			buildActionMask = 2147483647;
			files = (
				ADE9EBC2298EB6A60042BD99 /* EventList.swift in Sources */,
				AD75230729894A8A0042299A /* ContentView.swift in Sources */,
				AD5EA8DD2990288400B9E322 /* EventEditor.swift in Sources */,
				ADFDA3E4298AE14E0098A293 /* CustomLabelStyle.swift in Sources */,
				AD75230529894A8A0042299A /* Date_PlannerApp.swift in Sources */,
				ADC5B211298C31FF00271E10 /* EventTask.swift in Sources */,
				AD75231329894E1C0042299A /* ColorOption.swift in Sources */,
				ADDFE7A2298D7E3800C9DFB1 /* TaskRow.swift in Sources */,
				ADC5B20F298C31C200271E10 /* Event.swift in Sources */,
			);
			runOnlyForDeploymentPostprocessing = 0;
		};
/* End PBXSourcesBuildPhase section */

/* Begin XCBuildConfiguration section */
		AD75230D29894A8B0042299A /* Debug */ = {
			isa = XCBuildConfiguration;
			buildSettings = {
				ALWAYS_SEARCH_USER_PATHS = NO;
				CLANG_ANALYZER_NONNULL = YES;
				CLANG_ANALYZER_NUMBER_OBJECT_CONVERSION = YES_AGGRESSIVE;
				CLANG_CXX_LANGUAGE_STANDARD = "gnu++20";
				CLANG_ENABLE_MODULES = YES;
				CLANG_ENABLE_OBJC_ARC = YES;
				CLANG_ENABLE_OBJC_WEAK = YES;
				CLANG_WARN_BLOCK_CAPTURE_AUTORELEASING = YES;
				CLANG_WARN_BOOL_CONVERSION = YES;
				CLANG_WARN_COMMA = YES;
				CLANG_WARN_CONSTANT_CONVERSION = YES;
				CLANG_WARN_DEPRECATED_OBJC_IMPLEMENTATIONS = YES;
				CLANG_WARN_DIRECT_OBJC_ISA_USAGE = YES_ERROR;
				CLANG_WARN_DOCUMENTATION_COMMENTS = YES;
				CLANG_WARN_EMPTY_BODY = YES;
				CLANG_WARN_ENUM_CONVERSION = YES;
				CLANG_WARN_INFINITE_RECURSION = YES;
				CLANG_WARN_INT_CONVERSION = YES;
				CLANG_WARN_NON_LITERAL_NULL_CONVERSION = YES;
				CLANG_WARN_OBJC_IMPLICIT_RETAIN_SELF = YES;
				CLANG_WARN_OBJC_LITERAL_CONVERSION = YES;
				CLANG_WARN_OBJC_ROOT_CLASS = YES_ERROR;
				CLANG_WARN_QUOTED_INCLUDE_IN_FRAMEWORK_HEADER = YES;
				CLANG_WARN_RANGE_LOOP_ANALYSIS = YES;
				CLANG_WARN_STRICT_PROTOTYPES = YES;
				CLANG_WARN_SUSPICIOUS_MOVE = YES;
				CLANG_WARN_UNGUARDED_AVAILABILITY = YES_AGGRESSIVE;
				CLANG_WARN_UNREACHABLE_CODE = YES;
				CLANG_WARN__DUPLICATE_METHOD_MATCH = YES;
				COPY_PHASE_STRIP = NO;
				DEBUG_INFORMATION_FORMAT = dwarf;
				ENABLE_STRICT_OBJC_MSGSEND = YES;
				ENABLE_TESTABILITY = YES;
				GCC_C_LANGUAGE_STANDARD = gnu11;
				GCC_DYNAMIC_NO_PIC = NO;
				GCC_NO_COMMON_BLOCKS = YES;
				GCC_OPTIMIZATION_LEVEL = 0;
				GCC_PREPROCESSOR_DEFINITIONS = (
					"DEBUG=1",
					"$(inherited)",
				);
				GCC_WARN_64_TO_32_BIT_CONVERSION = YES;
				GCC_WARN_ABOUT_RETURN_TYPE = YES_ERROR;
				GCC_WARN_UNDECLARED_SELECTOR = YES;
				GCC_WARN_UNINITIALIZED_AUTOS = YES_AGGRESSIVE;
				GCC_WARN_UNUSED_FUNCTION = YES;
				GCC_WARN_UNUSED_VARIABLE = YES;
				IPHONEOS_DEPLOYMENT_TARGET = 16.0;
				MTL_ENABLE_DEBUG_INFO = INCLUDE_SOURCE;
				MTL_FAST_MATH = YES;
				ONLY_ACTIVE_ARCH = YES;
				SDKROOT = iphoneos;
				SWIFT_ACTIVE_COMPILATION_CONDITIONS = DEBUG;
				SWIFT_OPTIMIZATION_LEVEL = "-Onone";
			};
			name = Debug;
		};
		AD75230E29894A8B0042299A /* Release */ = {
			isa = XCBuildConfiguration;
			buildSettings = {
				ALWAYS_SEARCH_USER_PATHS = NO;
				CLANG_ANALYZER_NONNULL = YES;
				CLANG_ANALYZER_NUMBER_OBJECT_CONVERSION = YES_AGGRESSIVE;
				CLANG_CXX_LANGUAGE_STANDARD = "gnu++20";
				CLANG_ENABLE_MODULES = YES;
				CLANG_ENABLE_OBJC_ARC = YES;
				CLANG_ENABLE_OBJC_WEAK = YES;
				CLANG_WARN_BLOCK_CAPTURE_AUTORELEASING = YES;
				CLANG_WARN_BOOL_CONVERSION = YES;
				CLANG_WARN_COMMA = YES;
				CLANG_WARN_CONSTANT_CONVERSION = YES;
				CLANG_WARN_DEPRECATED_OBJC_IMPLEMENTATIONS = YES;
				CLANG_WARN_DIRECT_OBJC_ISA_USAGE = YES_ERROR;
				CLANG_WARN_DOCUMENTATION_COMMENTS = YES;
				CLANG_WARN_EMPTY_BODY = YES;
				CLANG_WARN_ENUM_CONVERSION = YES;
				CLANG_WARN_INFINITE_RECURSION = YES;
				CLANG_WARN_INT_CONVERSION = YES;
				CLANG_WARN_NON_LITERAL_NULL_CONVERSION = YES;
				CLANG_WARN_OBJC_IMPLICIT_RETAIN_SELF = YES;
				CLANG_WARN_OBJC_LITERAL_CONVERSION = YES;
				CLANG_WARN_OBJC_ROOT_CLASS = YES_ERROR;
				CLANG_WARN_QUOTED_INCLUDE_IN_FRAMEWORK_HEADER = YES;
				CLANG_WARN_RANGE_LOOP_ANALYSIS = YES;
				CLANG_WARN_STRICT_PROTOTYPES = YES;
				CLANG_WARN_SUSPICIOUS_MOVE = YES;
				CLANG_WARN_UNGUARDED_AVAILABILITY = YES_AGGRESSIVE;
				CLANG_WARN_UNREACHABLE_CODE = YES;
				CLANG_WARN__DUPLICATE_METHOD_MATCH = YES;
				COPY_PHASE_STRIP = NO;
				DEBUG_INFORMATION_FORMAT = "dwarf-with-dsym";
				ENABLE_NS_ASSERTIONS = NO;
				ENABLE_STRICT_OBJC_MSGSEND = YES;
				GCC_C_LANGUAGE_STANDARD = gnu11;
				GCC_NO_COMMON_BLOCKS = YES;
				GCC_WARN_64_TO_32_BIT_CONVERSION = YES;
				GCC_WARN_ABOUT_RETURN_TYPE = YES_ERROR;
				GCC_WARN_UNDECLARED_SELECTOR = YES;
				GCC_WARN_UNINITIALIZED_AUTOS = YES_AGGRESSIVE;
				GCC_WARN_UNUSED_FUNCTION = YES;
				GCC_WARN_UNUSED_VARIABLE = YES;
				IPHONEOS_DEPLOYMENT_TARGET = 16.0;
				MTL_ENABLE_DEBUG_INFO = NO;
				MTL_FAST_MATH = YES;
				SDKROOT = iphoneos;
				SWIFT_COMPILATION_MODE = wholemodule;
				SWIFT_OPTIMIZATION_LEVEL = "-O";
				VALIDATE_PRODUCT = YES;
			};
			name = Release;
		};
		AD75231029894A8B0042299A /* Debug */ = {
			isa = XCBuildConfiguration;
			buildSettings = {
				ASSETCATALOG_COMPILER_APPICON_NAME = AppIcon;
				ASSETCATALOG_COMPILER_GLOBAL_ACCENT_COLOR_NAME = AccentColor;
				CODE_SIGN_STYLE = Automatic;
				CURRENT_PROJECT_VERSION = 1;
				DEVELOPMENT_ASSET_PATHS = "\"Date Planner/Preview Content\"";
				DEVELOPMENT_TEAM = XW758S68BG;
				ENABLE_PREVIEWS = YES;
				GENERATE_INFOPLIST_FILE = YES;
				INFOPLIST_KEY_UIApplicationSceneManifest_Generation = YES;
				INFOPLIST_KEY_UIApplicationSupportsIndirectInputEvents = YES;
				INFOPLIST_KEY_UILaunchScreen_Generation = YES;
				INFOPLIST_KEY_UISupportedInterfaceOrientations_iPad = "UIInterfaceOrientationPortrait UIInterfaceOrientationPortraitUpsideDown UIInterfaceOrientationLandscapeLeft UIInterfaceOrientationLandscapeRight";
				INFOPLIST_KEY_UISupportedInterfaceOrientations_iPhone = "UIInterfaceOrientationPortrait UIInterfaceOrientationLandscapeLeft UIInterfaceOrientationLandscapeRight";
				LD_RUNPATH_SEARCH_PATHS = (
					"$(inherited)",
					"@executable_path/Frameworks",
				);
				MARKETING_VERSION = 1.0;
				PRODUCT_BUNDLE_IDENTIFIER = "com.mrxx7.Date-Planner";
				PRODUCT_NAME = "$(TARGET_NAME)";
				SWIFT_EMIT_LOC_STRINGS = YES;
				SWIFT_VERSION = 5.0;
				TARGETED_DEVICE_FAMILY = "1,2";
			};
			name = Debug;
		};
		AD75231129894A8B0042299A /* Release */ = {
			isa = XCBuildConfiguration;
			buildSettings = {
				ASSETCATALOG_COMPILER_APPICON_NAME = AppIcon;
				ASSETCATALOG_COMPILER_GLOBAL_ACCENT_COLOR_NAME = AccentColor;
				CODE_SIGN_STYLE = Automatic;
				CURRENT_PROJECT_VERSION = 1;
				DEVELOPMENT_ASSET_PATHS = "\"Date Planner/Preview Content\"";
				DEVELOPMENT_TEAM = XW758S68BG;
				ENABLE_PREVIEWS = YES;
				GENERATE_INFOPLIST_FILE = YES;
				INFOPLIST_KEY_UIApplicationSceneManifest_Generation = YES;
				INFOPLIST_KEY_UIApplicationSupportsIndirectInputEvents = YES;
				INFOPLIST_KEY_UILaunchScreen_Generation = YES;
				INFOPLIST_KEY_UISupportedInterfaceOrientations_iPad = "UIInterfaceOrientationPortrait UIInterfaceOrientationPortraitUpsideDown UIInterfaceOrientationLandscapeLeft UIInterfaceOrientationLandscapeRight";
				INFOPLIST_KEY_UISupportedInterfaceOrientations_iPhone = "UIInterfaceOrientationPortrait UIInterfaceOrientationLandscapeLeft UIInterfaceOrientationLandscapeRight";
				LD_RUNPATH_SEARCH_PATHS = (
					"$(inherited)",
					"@executable_path/Frameworks",
				);
				MARKETING_VERSION = 1.0;
				PRODUCT_BUNDLE_IDENTIFIER = "com.mrxx7.Date-Planner";
				PRODUCT_NAME = "$(TARGET_NAME)";
				SWIFT_EMIT_LOC_STRINGS = YES;
				SWIFT_VERSION = 5.0;
				TARGETED_DEVICE_FAMILY = "1,2";
			};
			name = Release;
		};
/* End XCBuildConfiguration section */

/* Begin XCConfigurationList section */
		AD7522FC29894A8A0042299A /* Build configuration list for PBXProject "Date Planner" */ = {
			isa = XCConfigurationList;
			buildConfigurations = (
				AD75230D29894A8B0042299A /* Debug */,
				AD75230E29894A8B0042299A /* Release */,
			);
			defaultConfigurationIsVisible = 0;
			defaultConfigurationName = Release;
		};
		AD75230F29894A8B0042299A /* Build configuration list for PBXNativeTarget "Date Planner" */ = {
			isa = XCConfigurationList;
			buildConfigurations = (
				AD75231029894A8B0042299A /* Debug */,
				AD75231129894A8B0042299A /* Release */,
			);
			defaultConfigurationIsVisible = 0;
			defaultConfigurationName = Release;
		};
/* End XCConfigurationList section */
	};
	rootObject = AD7522F929894A8A0042299A /* Project object */;
}
